
Microsoft Visual Studio Solution File, Format Version 12.00
# Visual Studio Version 16
VisualStudioVersion = 16.0.29326.143
MinimumVisualStudioVersion = 10.0.40219.1
Project("{8BC9CEB8-8B4A-11D0-8D11-00A0C91BC942}") = "KillerGUI", "KillerGUI\KillerGUI.vcxproj", "{64365C2B-A505-4505-91DE-E05295F807C7}"
EndProject
Project("{8BC9CEB8-8B4A-11D0-8D11-00A0C91BC942}") = "APIHook", "APIHook\APIHook.vcxproj", "{9F235EFD-7AC4-42C1-9929-E355DCA19F4D}"
EndProject
Global
	GlobalSection(SolutionConfigurationPlatforms) = preSolution
		Debug|x64 = Debug|x64
		Debug|x86 = Debug|x86
		Release|x64 = Release|x64
		Release|x86 = Release|x86
	EndGlobalSection
	GlobalSection(ProjectConfigurationPlatforms) = postSolution
		{64365C2B-A505-4505-91DE-E05295F807C7}.Debug|x64.ActiveCfg = Debug|x64
		{64365C2B-A505-4505-91DE-E05295F807C7}.Debug|x64.Build.0 = Debug|x64
		{64365C2B-A505-4505-91DE-E05295F807C7}.Debug|x86.ActiveCfg = Debug|Win32
		{64365C2B-A505-4505-91DE-E05295F807C7}.Debug|x86.Build.0 = Debug|Win32
		{64365C2B-A505-4505-91DE-E05295F807C7}.Release|x64.ActiveCfg = Release|x64
		{64365C2B-A505-4505-91DE-E05295F807C7}.Release|x64.Build.0 = Release|x64
		{64365C2B-A505-4505-91DE-E05295F807C7}.Release|x86.ActiveCfg = Release|Win32
		{64365C2B-A505-4505-91DE-E05295F807C7}.Release|x86.Build.0 = Release|Win32
		{9F235EFD-7AC4-42C1-9929-E355DCA19F4D}.Debug|x64.ActiveCfg = Debug|x64
		{9F235EFD-7AC4-42C1-9929-E355DCA19F4D}.Debug|x64.Build.0 = Debug|x64
		{9F235EFD-7AC4-42C1-9929-E355DCA19F4D}.Debug|x86.ActiveCfg = Debug|Win32
		{9F235EFD-7AC4-42C1-9929-E355DCA19F4D}.Debug|x86.Build.0 = Debug|Win32
		{9F235EFD-7AC4-42C1-9929-E355DCA19F4D}.Release|x64.ActiveCfg = Release|x64
		{9F235EFD-7AC4-42C1-9929-E355DCA19F4D}.Release|x64.Build.0 = Release|x64
		{9F235EFD-7AC4-42C1-9929-E355DCA19F4D}.Release|x86.ActiveCfg = Release|Win32
		{9F235EFD-7AC4-42C1-9929-E355DCA19F4D}.Release|x86.Build.0 = Release|Win32
	EndGlobalSection
	GlobalSection(SolutionProperties) = preSolution
		HideSolutionNode = FALSE
	EndGlobalSection
	GlobalSection(ExtensibilityGlobals) = postSolution
		SolutionGuid = {2D93BE77-CBB5-4BE6-9C0C-FC997AF15388}
	EndGlobalSection
EndGlobal
